
Microsoft Visual Studio Solution File, Format Version 12.00
# Visual Studio 15
VisualStudioVersion = 15.0.28307.421
MinimumVisualStudioVersion = 10.0.40219.1
Project("{FAE04EC0-301F-11D3-BF4B-00C04F79EFBC}") = "Zadanie6 Cw2", "Zadanie6 Cw2\Zadanie6 Cw2.csproj", "{CFBEC48F-7D89-465E-A75E-5CE50984F86F}"
EndProject
Global
	GlobalSection(SolutionConfigurationPlatforms) = preSolution
		Debug|Any CPU = Debug|Any CPU
		Release|Any CPU = Release|Any CPU
	EndGlobalSection
	GlobalSection(ProjectConfigurationPlatforms) = postSolution
		{CFBEC48F-7D89-465E-A75E-5CE50984F86F}.Debug|Any CPU.ActiveCfg = Debug|Any CPU
		{CFBEC48F-7D89-465E-A75E-5CE50984F86F}.Debug|Any CPU.Build.0 = Debug|Any CPU
		{CFBEC48F-7D89-465E-A75E-5CE50984F86F}.Release|Any CPU.ActiveCfg = Release|Any CPU
		{CFBEC48F-7D89-465E-A75E-5CE50984F86F}.Release|Any CPU.Build.0 = Release|Any CPU
	EndGlobalSection
	GlobalSection(SolutionProperties) = preSolution
		HideSolutionNode = FALSE
	EndGlobalSection
	GlobalSection(ExtensibilityGlobals) = postSolution
		SolutionGuid = {227F21CB-E7E0-413F-B45D-5BB6BAE20A28}
	EndGlobalSection
EndGlobal
